// !$*UTF8*$!
{
	archiveVersion = 1;
	classes = {
	};
	objectVersion = 77;
	objects = {

/* Begin PBXBuildFile section */
		D10000012F9C000000000001 /* DentalInferenceKit in Frameworks */ = {isa = PBXBuildFile; productRef = D10000032F9C000000000003 /* DentalInferenceKit */; };
		C102CBFA2F9BB4F5006690E5 /* RealityKitContent in Frameworks */ = {isa = PBXBuildFile; productRef = C102CBF92F9BB4F5006690E5 /* RealityKitContent */; };
/* End PBXBuildFile section */

/* Begin PBXContainerItemProxy section */
		C102CC092F9BB4F6006690E5 /* PBXContainerItemProxy */ = {
			isa = PBXContainerItemProxy;
			containerPortal = C102CBEC2F9BB4F5006690E5 /* Project object */;
			proxyType = 1;
			remoteGlobalIDString = C102CBF32F9BB4F5006690E5;
			remoteInfo = PatchSimlilarySpace;
		};
/* End PBXContainerItemProxy section */

/* Begin PBXFileReference section */
		C102CBF42F9BB4F5006690E5 /* PatchSimlilarySpace.app */ = {isa = PBXFileReference; explicitFileType = wrapper.application; includeInIndex = 0; path = PatchSimlilarySpace.app; sourceTree = BUILT_PRODUCTS_DIR; };
		C102CBF82F9BB4F5006690E5 /* RealityKitContent */ = {isa = PBXFileReference; lastKnownFileType = wrapper; path = RealityKitContent; sourceTree = "<group>"; };
		C102CC082F9BB4F6006690E5 /* PatchSimlilarySpaceTests.xctest */ = {isa = PBXFileReference; explicitFileType = wrapper.cfbundle; includeInIndex = 0; path = PatchSimlilarySpaceTests.xctest; sourceTree = BUILT_PRODUCTS_DIR; };
/* End PBXFileReference section */

/* Begin PBXFileSystemSynchronizedBuildFileExceptionSet section */
		C102CC0E2F9BB4F6006690E5 /* Exceptions for "PatchSimlilarySpace" folder in "PatchSimlilarySpace" target */ = {
			isa = PBXFileSystemSynchronizedBuildFileExceptionSet;
			membershipExceptions = (
				Info.plist,
			);
			target = C102CBF32F9BB4F5006690E5 /* PatchSimlilarySpace */;
		};
/* End PBXFileSystemSynchronizedBuildFileExceptionSet section */

/* Begin PBXFileSystemSynchronizedRootGroup section */
		C102CBF62F9BB4F5006690E5 /* PatchSimlilarySpace */ = {
			isa = PBXFileSystemSynchronizedRootGroup;
			exceptions = (
				C102CC0E2F9BB4F6006690E5 /* Exceptions for "PatchSimlilarySpace" folder in "PatchSimlilarySpace" target */,
			);
			path = PatchSimlilarySpace;
			sourceTree = "<group>";
		};
		C102CC0B2F9BB4F6006690E5 /* PatchSimlilarySpaceTests */ = {
			isa = PBXFileSystemSynchronizedRootGroup;
			path = PatchSimlilarySpaceTests;
			sourceTree = "<group>";
		};
/* End PBXFileSystemSynchronizedRootGroup section */

/* Begin PBXFrameworksBuildPhase section */
		C102CBF12F9BB4F5006690E5 /* Frameworks */ = {
			isa = PBXFrameworksBuildPhase;
			buildActionMask = 2147483647;
			files = (
				D10000012F9C000000000001 /* DentalInferenceKit in Frameworks */,
				C102CBFA2F9BB4F5006690E5 /* RealityKitContent in Frameworks */,
			);
			runOnlyForDeploymentPostprocessing = 0;
		};
		C102CC052F9BB4F6006690E5 /* Frameworks */ = {
			isa = PBXFrameworksBuildPhase;
			buildActionMask = 2147483647;
			files = (
			);
			runOnlyForDeploymentPostprocessing = 0;
		};
/* End PBXFrameworksBuildPhase section */

/* Begin PBXGroup section */
		C102CBEB2F9BB4F5006690E5 = {
			isa = PBXGroup;
			children = (
				C102CBF62F9BB4F5006690E5 /* PatchSimlilarySpace */,
				C102CBF72F9BB4F5006690E5 /* Packages */,
				C102CC0B2F9BB4F6006690E5 /* PatchSimlilarySpaceTests */,
				C102CBF52F9BB4F5006690E5 /* Products */,
			);
			sourceTree = "<group>";
		};
		C102CBF52F9BB4F5006690E5 /* Products */ = {
			isa = PBXGroup;
			children = (
				C102CBF42F9BB4F5006690E5 /* PatchSimlilarySpace.app */,
				C102CC082F9BB4F6006690E5 /* PatchSimlilarySpaceTests.xctest */,
			);
			name = Products;
			sourceTree = "<group>";
		};
		C102CBF72F9BB4F5006690E5 /* Packages */ = {
			isa = PBXGroup;
			children = (
				C102CBF82F9BB4F5006690E5 /* RealityKitContent */,
			);
			path = Packages;
			sourceTree = "<group>";
		};
/* End PBXGroup section */

/* Begin PBXNativeTarget section */
		C102CBF32F9BB4F5006690E5 /* PatchSimlilarySpace */ = {
			isa = PBXNativeTarget;
			buildConfigurationList = C102CC0F2F9BB4F6006690E5 /* Build configuration list for PBXNativeTarget "PatchSimlilarySpace" */;
			buildPhases = (
				C102CBF02F9BB4F5006690E5 /* Sources */,
				C102CBF12F9BB4F5006690E5 /* Frameworks */,
				C102CBF22F9BB4F5006690E5 /* Resources */,
			);
			buildRules = (
			);
			dependencies = (
			);
			fileSystemSynchronizedGroups = (
				C102CBF62F9BB4F5006690E5 /* PatchSimlilarySpace */,
			);
			name = PatchSimlilarySpace;
			packageProductDependencies = (
				D10000032F9C000000000003 /* DentalInferenceKit */,
				C102CBF92F9BB4F5006690E5 /* RealityKitContent */,
			);
			productName = PatchSimlilarySpace;
			productReference = C102CBF42F9BB4F5006690E5 /* PatchSimlilarySpace.app */;
			productType = "com.apple.product-type.application";
		};
		C102CC072F9BB4F6006690E5 /* PatchSimlilarySpaceTests */ = {
			isa = PBXNativeTarget;
			buildConfigurationList = C102CC142F9BB4F6006690E5 /* Build configuration list for PBXNativeTarget "PatchSimlilarySpaceTests" */;
			buildPhases = (
				C102CC042F9BB4F6006690E5 /* Sources */,
				C102CC052F9BB4F6006690E5 /* Frameworks */,
				C102CC062F9BB4F6006690E5 /* Resources */,
			);
			buildRules = (
			);
			dependencies = (
				C102CC0A2F9BB4F6006690E5 /* PBXTargetDependency */,
			);
			fileSystemSynchronizedGroups = (
				C102CC0B2F9BB4F6006690E5 /* PatchSimlilarySpaceTests */,
			);
			name = PatchSimlilarySpaceTests;
			packageProductDependencies = (
			);
			productName = PatchSimlilarySpaceTests;
			productReference = C102CC082F9BB4F6006690E5 /* PatchSimlilarySpaceTests.xctest */;
			productType = "com.apple.product-type.bundle.unit-test";
		};
/* End PBXNativeTarget section */

/* Begin PBXProject section */
		C102CBEC2F9BB4F5006690E5 /* Project object */ = {
			isa = PBXProject;
			attributes = {
				BuildIndependentTargetsInParallel = 1;
				LastSwiftUpdateCheck = 2620;
				LastUpgradeCheck = 2620;
				TargetAttributes = {
					C102CBF32F9BB4F5006690E5 = {
						CreatedOnToolsVersion = 26.2;
					};
					C102CC072F9BB4F6006690E5 = {
						CreatedOnToolsVersion = 26.2;
						TestTargetID = C102CBF32F9BB4F5006690E5;
					};
				};
			};
			buildConfigurationList = C102CBEF2F9BB4F5006690E5 /* Build configuration list for PBXProject "PatchSimlilarySpace" */;
			developmentRegion = en;
			hasScannedForEncodings = 0;
			knownRegions = (
				en,
				Base,
			);
			mainGroup = C102CBEB2F9BB4F5006690E5;
			minimizedProjectReferenceProxies = 1;
			packageReferences = (
				D10000022F9C000000000002 /* XCLocalSwiftPackageReference "../Phase3_MLX/DentalInferenceKit" */,
			);
			preferredProjectObjectVersion = 77;
			productRefGroup = C102CBF52F9BB4F5006690E5 /* Products */;
			projectDirPath = "";
			projectRoot = "";
			targets = (
				C102CBF32F9BB4F5006690E5 /* PatchSimlilarySpace */,
				C102CC072F9BB4F6006690E5 /* PatchSimlilarySpaceTests */,
			);
		};
/* End PBXProject section */

/* Begin PBXResourcesBuildPhase section */
		C102CBF22F9BB4F5006690E5 /* Resources */ = {
			isa = PBXResourcesBuildPhase;
			buildActionMask = 2147483647;
			files = (
			);
			runOnlyForDeploymentPostprocessing = 0;
		};
		C102CC062F9BB4F6006690E5 /* Resources */ = {
			isa = PBXResourcesBuildPhase;
			buildActionMask = 2147483647;
			files = (
			);
			runOnlyForDeploymentPostprocessing = 0;
		};
/* End PBXResourcesBuildPhase section */

/* Begin PBXSourcesBuildPhase section */
		C102CBF02F9BB4F5006690E5 /* Sources */ = {
			isa = PBXSourcesBuildPhase;
			buildActionMask = 2147483647;
			files = (
			);
			runOnlyForDeploymentPostprocessing = 0;
		};
		C102CC042F9BB4F6006690E5 /* Sources */ = {
			isa = PBXSourcesBuildPhase;
			buildActionMask = 2147483647;
			files = (
			);
			runOnlyForDeploymentPostprocessing = 0;
		};
/* End PBXSourcesBuildPhase section */

/* Begin PBXTargetDependency section */
		C102CC0A2F9BB4F6006690E5 /* PBXTargetDependency */ = {
			isa = PBXTargetDependency;
			target = C102CBF32F9BB4F5006690E5 /* PatchSimlilarySpace */;
			targetProxy = C102CC092F9BB4F6006690E5 /* PBXContainerItemProxy */;
		};
/* End PBXTargetDependency section */

/* Begin XCBuildConfiguration section */
		C102CC102F9BB4F6006690E5 /* Debug */ = {
			isa = XCBuildConfiguration;
			buildSettings = {
				ASSETCATALOG_COMPILER_APPICON_NAME = AppIcon;
				ASSETCATALOG_COMPILER_GLOBAL_ACCENT_COLOR_NAME = AccentColor;
				CODE_SIGN_STYLE = Automatic;
				CURRENT_PROJECT_VERSION = 1;
				DEVELOPMENT_TEAM = 2U7L9HH9R9;
				ENABLE_PREVIEWS = YES;
				GENERATE_INFOPLIST_FILE = YES;
				INFOPLIST_FILE = "$(TARGET_NAME)/Info.plist";
				LD_RUNPATH_SEARCH_PATHS = (
					"$(inherited)",
					"@executable_path/Frameworks",
				);
				MARKETING_VERSION = 1.0;
				PRODUCT_BUNDLE_IDENTIFIER = name.kimurakota.PatchSimlilarySpace;
				PRODUCT_NAME = "$(TARGET_NAME)";
				STRING_CATALOG_GENERATE_SYMBOLS = YES;
				SUPPORTED_PLATFORMS = "xros xrsimulator";
				SWIFT_APPROACHABLE_CONCURRENCY = YES;
				SWIFT_DEFAULT_ACTOR_ISOLATION = MainActor;
				SWIFT_EMIT_LOC_STRINGS = YES;
				SWIFT_UPCOMING_FEATURE_MEMBER_IMPORT_VISIBILITY = YES;
				SWIFT_VERSION = 5.0;
				TARGETED_DEVICE_FAMILY = 7;
			};
			name = Debug;
		};
		C102CC112F9BB4F6006690E5 /* Release */ = {
			isa = XCBuildConfiguration;
			buildSettings = {
				ASSETCATALOG_COMPILER_APPICON_NAME = AppIcon;
				ASSETCATALOG_COMPILER_GLOBAL_ACCENT_COLOR_NAME = AccentColor;
				CODE_SIGN_STYLE = Automatic;
				CURRENT_PROJECT_VERSION = 1;
				DEVELOPMENT_TEAM = 2U7L9HH9R9;
				ENABLE_PREVIEWS = YES;
				GENERATE_INFOPLIST_FILE = YES;
				INFOPLIST_FILE = "$(TARGET_NAME)/Info.plist";
				LD_RUNPATH_SEARCH_PATHS = (
					"$(inherited)",
					"@executable_path/Frameworks",
				);
				MARKETING_VERSION = 1.0;
				PRODUCT_BUNDLE_IDENTIFIER = name.kimurakota.PatchSimlilarySpace;
				PRODUCT_NAME = "$(TARGET_NAME)";
				STRING_CATALOG_GENERATE_SYMBOLS = YES;
				SUPPORTED_PLATFORMS = "xros xrsimulator";
				SWIFT_APPROACHABLE_CONCURRENCY = YES;
				SWIFT_DEFAULT_ACTOR_ISOLATION = MainActor;
				SWIFT_EMIT_LOC_STRINGS = YES;
				SWIFT_UPCOMING_FEATURE_MEMBER_IMPORT_VISIBILITY = YES;
				SWIFT_VERSION = 5.0;
				TARGETED_DEVICE_FAMILY = 7;
			};
			name = Release;
		};
		C102CC122F9BB4F6006690E5 /* Debug */ = {
			isa = XCBuildConfiguration;
			buildSettings = {
				ALWAYS_SEARCH_USER_PATHS = NO;
				ASSETCATALOG_COMPILER_GENERATE_SWIFT_ASSET_SYMBOL_EXTENSIONS = YES;
				CLANG_ANALYZER_NONNULL = YES;
				CLANG_ANALYZER_NUMBER_OBJECT_CONVERSION = YES_AGGRESSIVE;
				CLANG_CXX_LANGUAGE_STANDARD = "gnu++20";
				CLANG_ENABLE_MODULES = YES;
				CLANG_ENABLE_OBJC_ARC = YES;
				CLANG_ENABLE_OBJC_WEAK = YES;
				CLANG_WARN_BLOCK_CAPTURE_AUTORELEASING = YES;
				CLANG_WARN_BOOL_CONVERSION = YES;
				CLANG_WARN_COMMA = YES;
				CLANG_WARN_CONSTANT_CONVERSION = YES;
				CLANG_WARN_DEPRECATED_OBJC_IMPLEMENTATIONS = YES;
				CLANG_WARN_DIRECT_OBJC_ISA_USAGE = YES_ERROR;
				CLANG_WARN_DOCUMENTATION_COMMENTS = YES;
				CLANG_WARN_EMPTY_BODY = YES;
				CLANG_WARN_ENUM_CONVERSION = YES;
				CLANG_WARN_INFINITE_RECURSION = YES;
				CLANG_WARN_INT_CONVERSION = YES;
				CLANG_WARN_NON_LITERAL_NULL_CONVERSION = YES;
				CLANG_WARN_OBJC_IMPLICIT_RETAIN_SELF = YES;
				CLANG_WARN_OBJC_LITERAL_CONVERSION = YES;
				CLANG_WARN_OBJC_ROOT_CLASS = YES_ERROR;
				CLANG_WARN_QUOTED_INCLUDE_IN_FRAMEWORK_HEADER = YES;
				CLANG_WARN_RANGE_LOOP_ANALYSIS = YES;
				CLANG_WARN_STRICT_PROTOTYPES = YES;
				CLANG_WARN_SUSPICIOUS_MOVE = YES;
				CLANG_WARN_UNGUARDED_AVAILABILITY = YES_AGGRESSIVE;
				CLANG_WARN_UNREACHABLE_CODE = YES;
				CLANG_WARN__DUPLICATE_METHOD_MATCH = YES;
				COPY_PHASE_STRIP = NO;
				DEBUG_INFORMATION_FORMAT = dwarf;
				DEVELOPMENT_TEAM = 2U7L9HH9R9;
				ENABLE_STRICT_OBJC_MSGSEND = YES;
				ENABLE_TESTABILITY = YES;
				ENABLE_USER_SCRIPT_SANDBOXING = YES;
				GCC_C_LANGUAGE_STANDARD = gnu17;
				GCC_DYNAMIC_NO_PIC = NO;
				GCC_NO_COMMON_BLOCKS = YES;
				GCC_OPTIMIZATION_LEVEL = 0;
				GCC_PREPROCESSOR_DEFINITIONS = (
					"DEBUG=1",
					"$(inherited)",
				);
				GCC_WARN_64_TO_32_BIT_CONVERSION = YES;
				GCC_WARN_ABOUT_RETURN_TYPE = YES_ERROR;
				GCC_WARN_UNDECLARED_SELECTOR = YES;
				GCC_WARN_UNINITIALIZED_AUTOS = YES_AGGRESSIVE;
				GCC_WARN_UNUSED_FUNCTION = YES;
				GCC_WARN_UNUSED_VARIABLE = YES;
				LOCALIZATION_PREFERS_STRING_CATALOGS = YES;
				MTL_ENABLE_DEBUG_INFO = INCLUDE_SOURCE;
				MTL_FAST_MATH = YES;
				ONLY_ACTIVE_ARCH = YES;
				SDKROOT = xros;
				SWIFT_ACTIVE_COMPILATION_CONDITIONS = "DEBUG $(inherited)";
				SWIFT_OPTIMIZATION_LEVEL = "-Onone";
				XROS_DEPLOYMENT_TARGET = 26.2;
			};
			name = Debug;
		};
		C102CC132F9BB4F6006690E5 /* Release */ = {
			isa = XCBuildConfiguration;
			buildSettings = {
				ALWAYS_SEARCH_USER_PATHS = NO;
				ASSETCATALOG_COMPILER_GENERATE_SWIFT_ASSET_SYMBOL_EXTENSIONS = YES;
				CLANG_ANALYZER_NONNULL = YES;
				CLANG_ANALYZER_NUMBER_OBJECT_CONVERSION = YES_AGGRESSIVE;
				CLANG_CXX_LANGUAGE_STANDARD = "gnu++20";
				CLANG_ENABLE_MODULES = YES;
				CLANG_ENABLE_OBJC_ARC = YES;
				CLANG_ENABLE_OBJC_WEAK = YES;
				CLANG_WARN_BLOCK_CAPTURE_AUTORELEASING = YES;
				CLANG_WARN_BOOL_CONVERSION = YES;
				CLANG_WARN_COMMA = YES;
				CLANG_WARN_CONSTANT_CONVERSION = YES;
				CLANG_WARN_DEPRECATED_OBJC_IMPLEMENTATIONS = YES;
				CLANG_WARN_DIRECT_OBJC_ISA_USAGE = YES_ERROR;
				CLANG_WARN_DOCUMENTATION_COMMENTS = YES;
				CLANG_WARN_EMPTY_BODY = YES;
				CLANG_WARN_ENUM_CONVERSION = YES;
				CLANG_WARN_INFINITE_RECURSION = YES;
				CLANG_WARN_INT_CONVERSION = YES;
				CLANG_WARN_NON_LITERAL_NULL_CONVERSION = YES;
				CLANG_WARN_OBJC_IMPLICIT_RETAIN_SELF = YES;
				CLANG_WARN_OBJC_LITERAL_CONVERSION = YES;
				CLANG_WARN_OBJC_ROOT_CLASS = YES_ERROR;
				CLANG_WARN_QUOTED_INCLUDE_IN_FRAMEWORK_HEADER = YES;
				CLANG_WARN_RANGE_LOOP_ANALYSIS = YES;
				CLANG_WARN_STRICT_PROTOTYPES = YES;
				CLANG_WARN_SUSPICIOUS_MOVE = YES;
				CLANG_WARN_UNGUARDED_AVAILABILITY = YES_AGGRESSIVE;
				CLANG_WARN_UNREACHABLE_CODE = YES;
				CLANG_WARN__DUPLICATE_METHOD_MATCH = YES;
				COPY_PHASE_STRIP = NO;
				DEBUG_INFORMATION_FORMAT = "dwarf-with-dsym";
				DEVELOPMENT_TEAM = 2U7L9HH9R9;
				ENABLE_NS_ASSERTIONS = NO;
				ENABLE_STRICT_OBJC_MSGSEND = YES;
				ENABLE_USER_SCRIPT_SANDBOXING = YES;
				GCC_C_LANGUAGE_STANDARD = gnu17;
				GCC_NO_COMMON_BLOCKS = YES;
				GCC_WARN_64_TO_32_BIT_CONVERSION = YES;
				GCC_WARN_ABOUT_RETURN_TYPE = YES_ERROR;
				GCC_WARN_UNDECLARED_SELECTOR = YES;
				GCC_WARN_UNINITIALIZED_AUTOS = YES_AGGRESSIVE;
				GCC_WARN_UNUSED_FUNCTION = YES;
				GCC_WARN_UNUSED_VARIABLE = YES;
				LOCALIZATION_PREFERS_STRING_CATALOGS = YES;
				MTL_ENABLE_DEBUG_INFO = NO;
				MTL_FAST_MATH = YES;
				SDKROOT = xros;
				SWIFT_COMPILATION_MODE = wholemodule;
				VALIDATE_PRODUCT = YES;
				XROS_DEPLOYMENT_TARGET = 26.2;
			};
			name = Release;
		};
		C102CC152F9BB4F6006690E5 /* Debug */ = {
			isa = XCBuildConfiguration;
			buildSettings = {
				BUNDLE_LOADER = "$(TEST_HOST)";
				CODE_SIGN_STYLE = Automatic;
				CURRENT_PROJECT_VERSION = 1;
				DEVELOPMENT_TEAM = 2U7L9HH9R9;
				GENERATE_INFOPLIST_FILE = YES;
				MARKETING_VERSION = 1.0;
				PRODUCT_BUNDLE_IDENTIFIER = name.kimurakota.PatchSimlilarySpaceTests;
				PRODUCT_NAME = "$(TARGET_NAME)";
				STRING_CATALOG_GENERATE_SYMBOLS = NO;
				SUPPORTED_PLATFORMS = "xros xrsimulator";
				SWIFT_APPROACHABLE_CONCURRENCY = YES;
				SWIFT_EMIT_LOC_STRINGS = NO;
				SWIFT_UPCOMING_FEATURE_MEMBER_IMPORT_VISIBILITY = YES;
				SWIFT_VERSION = 5.0;
				TARGETED_DEVICE_FAMILY = 7;
				TEST_HOST = "$(BUILT_PRODUCTS_DIR)/PatchSimlilarySpace.app/$(BUNDLE_EXECUTABLE_FOLDER_PATH)/PatchSimlilarySpace";
				XROS_DEPLOYMENT_TARGET = 26.2;
			};
			name = Debug;
		};
		C102CC162F9BB4F6006690E5 /* Release */ = {
			isa = XCBuildConfiguration;
			buildSettings = {
				BUNDLE_LOADER = "$(TEST_HOST)";
				CODE_SIGN_STYLE = Automatic;
				CURRENT_PROJECT_VERSION = 1;
				DEVELOPMENT_TEAM = 2U7L9HH9R9;
				GENERATE_INFOPLIST_FILE = YES;
				MARKETING_VERSION = 1.0;
				PRODUCT_BUNDLE_IDENTIFIER = name.kimurakota.PatchSimlilarySpaceTests;
				PRODUCT_NAME = "$(TARGET_NAME)";
				STRING_CATALOG_GENERATE_SYMBOLS = NO;
				SUPPORTED_PLATFORMS = "xros xrsimulator";
				SWIFT_APPROACHABLE_CONCURRENCY = YES;
				SWIFT_EMIT_LOC_STRINGS = NO;
				SWIFT_UPCOMING_FEATURE_MEMBER_IMPORT_VISIBILITY = YES;
				SWIFT_VERSION = 5.0;
				TARGETED_DEVICE_FAMILY = 7;
				TEST_HOST = "$(BUILT_PRODUCTS_DIR)/PatchSimlilarySpace.app/$(BUNDLE_EXECUTABLE_FOLDER_PATH)/PatchSimlilarySpace";
				XROS_DEPLOYMENT_TARGET = 26.2;
			};
			name = Release;
		};
/* End XCBuildConfiguration section */

/* Begin XCConfigurationList section */
		C102CBEF2F9BB4F5006690E5 /* Build configuration list for PBXProject "PatchSimlilarySpace" */ = {
			isa = XCConfigurationList;
			buildConfigurations = (
				C102CC122F9BB4F6006690E5 /* Debug */,
				C102CC132F9BB4F6006690E5 /* Release */,
			);
			defaultConfigurationIsVisible = 0;
			defaultConfigurationName = Release;
		};
		C102CC0F2F9BB4F6006690E5 /* Build configuration list for PBXNativeTarget "PatchSimlilarySpace" */ = {
			isa = XCConfigurationList;
			buildConfigurations = (
				C102CC102F9BB4F6006690E5 /* Debug */,
				C102CC112F9BB4F6006690E5 /* Release */,
			);
			defaultConfigurationIsVisible = 0;
			defaultConfigurationName = Release;
		};
		C102CC142F9BB4F6006690E5 /* Build configuration list for PBXNativeTarget "PatchSimlilarySpaceTests" */ = {
			isa = XCConfigurationList;
			buildConfigurations = (
				C102CC152F9BB4F6006690E5 /* Debug */,
				C102CC162F9BB4F6006690E5 /* Release */,
			);
			defaultConfigurationIsVisible = 0;
			defaultConfigurationName = Release;
		};
/* End XCConfigurationList section */

/* Begin XCSwiftPackageProductDependency section */
		D10000032F9C000000000003 /* DentalInferenceKit */ = {
			isa = XCSwiftPackageProductDependency;
			package = D10000022F9C000000000002 /* XCLocalSwiftPackageReference "../Phase3_MLX/DentalInferenceKit" */;
			productName = DentalInferenceKit;
		};
		C102CBF92F9BB4F5006690E5 /* RealityKitContent */ = {
			isa = XCSwiftPackageProductDependency;
			productName = RealityKitContent;
		};
/* End XCSwiftPackageProductDependency section */

/* Begin XCLocalSwiftPackageReference section */
		D10000022F9C000000000002 /* XCLocalSwiftPackageReference "../DentalInferenceKit" */ = {
			isa = XCLocalSwiftPackageReference;
			relativePath = ../DentalInferenceKit;
		};
/* End XCLocalSwiftPackageReference section */
	};
	rootObject = C102CBEC2F9BB4F5006690E5 /* Project object */;
}
